
Microsoft Visual Studio Solution File, Format Version 12.00
# Visual Studio Version 16
VisualStudioVersion = 16.0.32106.194
MinimumVisualStudioVersion = 10.0.40219.1
Project("{FAE04EC0-301F-11D3-BF4B-00C04F79EFBC}") = "Paint", "Paint.csproj", "{50A830D0-4C8B-43F9-9736-F4DE0DC82D42}"
EndProject
Project("{2150E333-8FDC-42A3-9474-1A3956D46DE8}") = "Addons", "Addons", "{96D7A539-4B7D-4D55-8BB0-4FB3AAC8D44B}"
EndProject
Project("{FAE04EC0-301F-11D3-BF4B-00C04F79EFBC}") = "BrightnessPlugin", "Addons-Examples\BrightnessPlugin\BrightnessPlugin\BrightnessPlugin.csproj", "{17C35DB3-CEC9-424F-93E7-1B8B7E5B20E4}"
EndProject
Project("{9A19103F-16F7-4668-BE54-9A1E7A4F7556}") = "StandardPlugins", "Addons-Examples\StandardPlugins\StandardPlugins.csproj", "{809A7987-5758-4999-A159-7889BF5C9B44}"
EndProject
Project("{9A19103F-16F7-4668-BE54-9A1E7A4F7556}") = "StandardTools", "Addons-Examples\StandardTools\StandardTools.csproj", "{861F7151-6344-4E54-B279-B29C1542C4DD}"
EndProject
Global
	GlobalSection(SolutionConfigurationPlatforms) = preSolution
		Debug|Any CPU = Debug|Any CPU
		Release|Any CPU = Release|Any CPU
	EndGlobalSection
	GlobalSection(ProjectConfigurationPlatforms) = postSolution
		{50A830D0-4C8B-43F9-9736-F4DE0DC82D42}.Debug|Any CPU.ActiveCfg = Debug|Any CPU
		{50A830D0-4C8B-43F9-9736-F4DE0DC82D42}.Debug|Any CPU.Build.0 = Debug|Any CPU
		{50A830D0-4C8B-43F9-9736-F4DE0DC82D42}.Release|Any CPU.ActiveCfg = Release|Any CPU
		{50A830D0-4C8B-43F9-9736-F4DE0DC82D42}.Release|Any CPU.Build.0 = Release|Any CPU
		{17C35DB3-CEC9-424F-93E7-1B8B7E5B20E4}.Debug|Any CPU.ActiveCfg = Debug|Any CPU
		{17C35DB3-CEC9-424F-93E7-1B8B7E5B20E4}.Debug|Any CPU.Build.0 = Debug|Any CPU
		{17C35DB3-CEC9-424F-93E7-1B8B7E5B20E4}.Release|Any CPU.ActiveCfg = Release|Any CPU
		{17C35DB3-CEC9-424F-93E7-1B8B7E5B20E4}.Release|Any CPU.Build.0 = Release|Any CPU
		{809A7987-5758-4999-A159-7889BF5C9B44}.Debug|Any CPU.ActiveCfg = Debug|Any CPU
		{809A7987-5758-4999-A159-7889BF5C9B44}.Debug|Any CPU.Build.0 = Debug|Any CPU
		{809A7987-5758-4999-A159-7889BF5C9B44}.Release|Any CPU.ActiveCfg = Release|Any CPU
		{809A7987-5758-4999-A159-7889BF5C9B44}.Release|Any CPU.Build.0 = Release|Any CPU
		{861F7151-6344-4E54-B279-B29C1542C4DD}.Debug|Any CPU.ActiveCfg = Debug|Any CPU
		{861F7151-6344-4E54-B279-B29C1542C4DD}.Debug|Any CPU.Build.0 = Debug|Any CPU
		{861F7151-6344-4E54-B279-B29C1542C4DD}.Release|Any CPU.ActiveCfg = Release|Any CPU
		{861F7151-6344-4E54-B279-B29C1542C4DD}.Release|Any CPU.Build.0 = Release|Any CPU
	EndGlobalSection
	GlobalSection(SolutionProperties) = preSolution
		HideSolutionNode = FALSE
	EndGlobalSection
	GlobalSection(NestedProjects) = preSolution
		{17C35DB3-CEC9-424F-93E7-1B8B7E5B20E4} = {96D7A539-4B7D-4D55-8BB0-4FB3AAC8D44B}
		{809A7987-5758-4999-A159-7889BF5C9B44} = {96D7A539-4B7D-4D55-8BB0-4FB3AAC8D44B}
		{861F7151-6344-4E54-B279-B29C1542C4DD} = {96D7A539-4B7D-4D55-8BB0-4FB3AAC8D44B}
	EndGlobalSection
	GlobalSection(ExtensibilityGlobals) = postSolution
		SolutionGuid = {C1BA1621-CB28-4F66-AD31-780E8DB7E207}
	EndGlobalSection
EndGlobal
